// !$*UTF8*$!
{
	archiveVersion = 1;
	classes = {
	};
	objectVersion = 50;
	objects = {

/* Begin PBXBuildFile section */
		F99454A42144F9E7007AD83D /* AppDelegate.swift in Sources */ = {isa = PBXBuildFile; fileRef = F99454A32144F9E7007AD83D /* AppDelegate.swift */; };
		F99454A62144F9E7007AD83D /* ViewController.swift in Sources */ = {isa = PBXBuildFile; fileRef = F99454A52144F9E7007AD83D /* ViewController.swift */; };
		F99454AB2144F9E9007AD83D /* Assets.xcassets in Resources */ = {isa = PBXBuildFile; fileRef = F99454AA2144F9E9007AD83D /* Assets.xcassets */; };
		F99454AE2144F9E9007AD83D /* LaunchScreen.storyboard in Resources */ = {isa = PBXBuildFile; fileRef = F99454AC2144F9E9007AD83D /* LaunchScreen.storyboard */; };
		F99454BC2144FEEC007AD83D /* Category.swift in Sources */ = {isa = PBXBuildFile; fileRef = F99454BB2144FEEC007AD83D /* Category.swift */; };
		F99454BE2144FF21007AD83D /* Exercise.swift in Sources */ = {isa = PBXBuildFile; fileRef = F99454BD2144FF21007AD83D /* Exercise.swift */; };
		F99454C12145027A007AD83D /* baseData.json in Resources */ = {isa = PBXBuildFile; fileRef = F99454BF2145027A007AD83D /* baseData.json */; };
		F99454C3214502B5007AD83D /* ExerciseTableViewCell.swift in Sources */ = {isa = PBXBuildFile; fileRef = F99454C2214502B5007AD83D /* ExerciseTableViewCell.swift */; };
/* End PBXBuildFile section */

/* Begin PBXFileReference section */
		F99454A02144F9E7007AD83D /* WeightRecord.app */ = {isa = PBXFileReference; explicitFileType = wrapper.application; includeInIndex = 0; path = WeightRecord.app; sourceTree = BUILT_PRODUCTS_DIR; };
		F99454A32144F9E7007AD83D /* AppDelegate.swift */ = {isa = PBXFileReference; lastKnownFileType = sourcecode.swift; path = AppDelegate.swift; sourceTree = "<group>"; };
		F99454A52144F9E7007AD83D /* ViewController.swift */ = {isa = PBXFileReference; lastKnownFileType = sourcecode.swift; path = ViewController.swift; sourceTree = "<group>"; };
		F99454AA2144F9E9007AD83D /* Assets.xcassets */ = {isa = PBXFileReference; lastKnownFileType = folder.assetcatalog; path = Assets.xcassets; sourceTree = "<group>"; };
		F99454AD2144F9E9007AD83D /* Base */ = {isa = PBXFileReference; lastKnownFileType = file.storyboard; name = Base; path = Base.lproj/LaunchScreen.storyboard; sourceTree = "<group>"; };
		F99454AF2144F9E9007AD83D /* Info.plist */ = {isa = PBXFileReference; lastKnownFileType = text.plist.xml; path = Info.plist; sourceTree = "<group>"; };
		F99454BB2144FEEC007AD83D /* Category.swift */ = {isa = PBXFileReference; lastKnownFileType = sourcecode.swift; path = Category.swift; sourceTree = "<group>"; };
		F99454BD2144FF21007AD83D /* Exercise.swift */ = {isa = PBXFileReference; lastKnownFileType = sourcecode.swift; path = Exercise.swift; sourceTree = "<group>"; };
		F99454C02145027A007AD83D /* Base */ = {isa = PBXFileReference; lastKnownFileType = text.json; name = Base; path = Base.lproj/baseData.json; sourceTree = "<group>"; };
		F99454C2214502B5007AD83D /* ExerciseTableViewCell.swift */ = {isa = PBXFileReference; lastKnownFileType = sourcecode.swift; path = ExerciseTableViewCell.swift; sourceTree = "<group>"; };
/* End PBXFileReference section */

/* Begin PBXFrameworksBuildPhase section */
		F994549D2144F9E7007AD83D /* Frameworks */ = {
			isa = PBXFrameworksBuildPhase;
			buildActionMask = 2147483647;
			files = (
			);
			runOnlyForDeploymentPostprocessing = 0;
		};
/* End PBXFrameworksBuildPhase section */

/* Begin PBXGroup section */
		F99454972144F9E7007AD83D = {
			isa = PBXGroup;
			children = (
				F99454A22144F9E7007AD83D /* WeightRecord */,
				F99454A12144F9E7007AD83D /* Products */,
			);
			sourceTree = "<group>";
		};
		F99454A12144F9E7007AD83D /* Products */ = {
			isa = PBXGroup;
			children = (
				F99454A02144F9E7007AD83D /* WeightRecord.app */,
			);
			name = Products;
			sourceTree = "<group>";
		};
		F99454A22144F9E7007AD83D /* WeightRecord */ = {
			isa = PBXGroup;
			children = (
				F99454B82144FA0F007AD83D /* Resources */,
				F99454B72144FA09007AD83D /* Views */,
				F99454B62144FA02007AD83D /* ViewControllers */,
				F99454B52144F9F7007AD83D /* Models */,
				F99454A32144F9E7007AD83D /* AppDelegate.swift */,
				F99454AA2144F9E9007AD83D /* Assets.xcassets */,
				F99454AF2144F9E9007AD83D /* Info.plist */,
			);
			path = WeightRecord;
			sourceTree = "<group>";
		};
		F99454B52144F9F7007AD83D /* Models */ = {
			isa = PBXGroup;
			children = (
				F99454BB2144FEEC007AD83D /* Category.swift */,
				F99454BD2144FF21007AD83D /* Exercise.swift */,
			);
			path = Models;
			sourceTree = "<group>";
		};
		F99454B62144FA02007AD83D /* ViewControllers */ = {
			isa = PBXGroup;
			children = (
				F99454A52144F9E7007AD83D /* ViewController.swift */,
			);
			path = ViewControllers;
			sourceTree = "<group>";
		};
		F99454B72144FA09007AD83D /* Views */ = {
			isa = PBXGroup;
			children = (
				F99454C2214502B5007AD83D /* ExerciseTableViewCell.swift */,
			);
			path = Views;
			sourceTree = "<group>";
		};
		F99454B82144FA0F007AD83D /* Resources */ = {
			isa = PBXGroup;
			children = (
				F99454BF2145027A007AD83D /* baseData.json */,
				F99454AC2144F9E9007AD83D /* LaunchScreen.storyboard */,
			);
			path = Resources;
			sourceTree = "<group>";
		};
/* End PBXGroup section */

/* Begin PBXNativeTarget section */
		F994549F2144F9E7007AD83D /* WeightRecord */ = {
			isa = PBXNativeTarget;
			buildConfigurationList = F99454B22144F9E9007AD83D /* Build configuration list for PBXNativeTarget "WeightRecord" */;
			buildPhases = (
				F994549C2144F9E7007AD83D /* Sources */,
				F994549D2144F9E7007AD83D /* Frameworks */,
				F994549E2144F9E7007AD83D /* Resources */,
			);
			buildRules = (
			);
			dependencies = (
			);
			name = WeightRecord;
			productName = WeightRecord;
			productReference = F99454A02144F9E7007AD83D /* WeightRecord.app */;
			productType = "com.apple.product-type.application";
		};
/* End PBXNativeTarget section */

/* Begin PBXProject section */
		F99454982144F9E7007AD83D /* Project object */ = {
			isa = PBXProject;
			attributes = {
				LastSwiftUpdateCheck = 0940;
				LastUpgradeCheck = 0940;
				ORGANIZATIONNAME = "Casey Yost";
				TargetAttributes = {
					F994549F2144F9E7007AD83D = {
						CreatedOnToolsVersion = 9.4.1;
					};
				};
			};
			buildConfigurationList = F994549B2144F9E7007AD83D /* Build configuration list for PBXProject "WeightRecord" */;
			compatibilityVersion = "Xcode 9.3";
			developmentRegion = en;
			hasScannedForEncodings = 0;
			knownRegions = (
				en,
				Base,
			);
			mainGroup = F99454972144F9E7007AD83D;
			productRefGroup = F99454A12144F9E7007AD83D /* Products */;
			projectDirPath = "";
			projectRoot = "";
			targets = (
				F994549F2144F9E7007AD83D /* WeightRecord */,
			);
		};
/* End PBXProject section */

/* Begin PBXResourcesBuildPhase section */
		F994549E2144F9E7007AD83D /* Resources */ = {
			isa = PBXResourcesBuildPhase;
			buildActionMask = 2147483647;
			files = (
				F99454AE2144F9E9007AD83D /* LaunchScreen.storyboard in Resources */,
				F99454AB2144F9E9007AD83D /* Assets.xcassets in Resources */,
				F99454C12145027A007AD83D /* baseData.json in Resources */,
			);
			runOnlyForDeploymentPostprocessing = 0;
		};
/* End PBXResourcesBuildPhase section */

/* Begin PBXSourcesBuildPhase section */
		F994549C2144F9E7007AD83D /* Sources */ = {
			isa = PBXSourcesBuildPhase;
			buildActionMask = 2147483647;
			files = (
				F99454BE2144FF21007AD83D /* Exercise.swift in Sources */,
				F99454A62144F9E7007AD83D /* ViewController.swift in Sources */,
				F99454C3214502B5007AD83D /* ExerciseTableViewCell.swift in Sources */,
				F99454A42144F9E7007AD83D /* AppDelegate.swift in Sources */,
				F99454BC2144FEEC007AD83D /* Category.swift in Sources */,
			);
			runOnlyForDeploymentPostprocessing = 0;
		};
/* End PBXSourcesBuildPhase section */

/* Begin PBXVariantGroup section */
		F99454AC2144F9E9007AD83D /* LaunchScreen.storyboard */ = {
			isa = PBXVariantGroup;
			children = (
				F99454AD2144F9E9007AD83D /* Base */,
			);
			name = LaunchScreen.storyboard;
			sourceTree = "<group>";
		};
		F99454BF2145027A007AD83D /* baseData.json */ = {
			isa = PBXVariantGroup;
			children = (
				F99454C02145027A007AD83D /* Base */,
			);
			name = baseData.json;
			sourceTree = "<group>";
		};
/* End PBXVariantGroup section */

/* Begin XCBuildConfiguration section */
		F99454B02144F9E9007AD83D /* Debug */ = {
			isa = XCBuildConfiguration;
			buildSettings = {
				ALWAYS_SEARCH_USER_PATHS = NO;
				CLANG_ANALYZER_NONNULL = YES;
				CLANG_ANALYZER_NUMBER_OBJECT_CONVERSION = YES_AGGRESSIVE;
				CLANG_CXX_LANGUAGE_STANDARD = "gnu++14";
				CLANG_CXX_LIBRARY = "libc++";
				CLANG_ENABLE_MODULES = YES;
				CLANG_ENABLE_OBJC_ARC = YES;
				CLANG_ENABLE_OBJC_WEAK = YES;
				CLANG_WARN_BLOCK_CAPTURE_AUTORELEASING = YES;
				CLANG_WARN_BOOL_CONVERSION = YES;
				CLANG_WARN_COMMA = YES;
				CLANG_WARN_CONSTANT_CONVERSION = YES;
				CLANG_WARN_DEPRECATED_OBJC_IMPLEMENTATIONS = YES;
				CLANG_WARN_DIRECT_OBJC_ISA_USAGE = YES_ERROR;
				CLANG_WARN_DOCUMENTATION_COMMENTS = YES;
				CLANG_WARN_EMPTY_BODY = YES;
				CLANG_WARN_ENUM_CONVERSION = YES;
				CLANG_WARN_INFINITE_RECURSION = YES;
				CLANG_WARN_INT_CONVERSION = YES;
				CLANG_WARN_NON_LITERAL_NULL_CONVERSION = YES;
				CLANG_WARN_OBJC_IMPLICIT_RETAIN_SELF = YES;
				CLANG_WARN_OBJC_LITERAL_CONVERSION = YES;
				CLANG_WARN_OBJC_ROOT_CLASS = YES_ERROR;
				CLANG_WARN_RANGE_LOOP_ANALYSIS = YES;
				CLANG_WARN_STRICT_PROTOTYPES = YES;
				CLANG_WARN_SUSPICIOUS_MOVE = YES;
				CLANG_WARN_UNGUARDED_AVAILABILITY = YES_AGGRESSIVE;
				CLANG_WARN_UNREACHABLE_CODE = YES;
				CLANG_WARN__DUPLICATE_METHOD_MATCH = YES;
				CODE_SIGN_IDENTITY = "iPhone Developer";
				COPY_PHASE_STRIP = NO;
				DEBUG_INFORMATION_FORMAT = dwarf;
				ENABLE_STRICT_OBJC_MSGSEND = YES;
				ENABLE_TESTABILITY = YES;
				GCC_C_LANGUAGE_STANDARD = gnu11;
				GCC_DYNAMIC_NO_PIC = NO;
				GCC_NO_COMMON_BLOCKS = YES;
				GCC_OPTIMIZATION_LEVEL = 0;
				GCC_PREPROCESSOR_DEFINITIONS = (
					"DEBUG=1",
					"$(inherited)",
				);
				GCC_WARN_64_TO_32_BIT_CONVERSION = YES;
				GCC_WARN_ABOUT_RETURN_TYPE = YES_ERROR;
				GCC_WARN_UNDECLARED_SELECTOR = YES;
				GCC_WARN_UNINITIALIZED_AUTOS = YES_AGGRESSIVE;
				GCC_WARN_UNUSED_FUNCTION = YES;
				GCC_WARN_UNUSED_VARIABLE = YES;
				IPHONEOS_DEPLOYMENT_TARGET = 11.4;
				MTL_ENABLE_DEBUG_INFO = YES;
				ONLY_ACTIVE_ARCH = YES;
				SDKROOT = iphoneos;
				SWIFT_ACTIVE_COMPILATION_CONDITIONS = DEBUG;
				SWIFT_OPTIMIZATION_LEVEL = "-Onone";
			};
			name = Debug;
		};
		F99454B12144F9E9007AD83D /* Release */ = {
			isa = XCBuildConfiguration;
			buildSettings = {
				ALWAYS_SEARCH_USER_PATHS = NO;
				CLANG_ANALYZER_NONNULL = YES;
				CLANG_ANALYZER_NUMBER_OBJECT_CONVERSION = YES_AGGRESSIVE;
				CLANG_CXX_LANGUAGE_STANDARD = "gnu++14";
				CLANG_CXX_LIBRARY = "libc++";
				CLANG_ENABLE_MODULES = YES;
				CLANG_ENABLE_OBJC_ARC = YES;
				CLANG_ENABLE_OBJC_WEAK = YES;
				CLANG_WARN_BLOCK_CAPTURE_AUTORELEASING = YES;
				CLANG_WARN_BOOL_CONVERSION = YES;
				CLANG_WARN_COMMA = YES;
				CLANG_WARN_CONSTANT_CONVERSION = YES;
				CLANG_WARN_DEPRECATED_OBJC_IMPLEMENTATIONS = YES;
				CLANG_WARN_DIRECT_OBJC_ISA_USAGE = YES_ERROR;
				CLANG_WARN_DOCUMENTATION_COMMENTS = YES;
				CLANG_WARN_EMPTY_BODY = YES;
				CLANG_WARN_ENUM_CONVERSION = YES;
				CLANG_WARN_INFINITE_RECURSION = YES;
				CLANG_WARN_INT_CONVERSION = YES;
				CLANG_WARN_NON_LITERAL_NULL_CONVERSION = YES;
				CLANG_WARN_OBJC_IMPLICIT_RETAIN_SELF = YES;
				CLANG_WARN_OBJC_LITERAL_CONVERSION = YES;
				CLANG_WARN_OBJC_ROOT_CLASS = YES_ERROR;
				CLANG_WARN_RANGE_LOOP_ANALYSIS = YES;
				CLANG_WARN_STRICT_PROTOTYPES = YES;
				CLANG_WARN_SUSPICIOUS_MOVE = YES;
				CLANG_WARN_UNGUARDED_AVAILABILITY = YES_AGGRESSIVE;
				CLANG_WARN_UNREACHABLE_CODE = YES;
				CLANG_WARN__DUPLICATE_METHOD_MATCH = YES;
				CODE_SIGN_IDENTITY = "iPhone Developer";
				COPY_PHASE_STRIP = NO;
				DEBUG_INFORMATION_FORMAT = "dwarf-with-dsym";
				ENABLE_NS_ASSERTIONS = NO;
				ENABLE_STRICT_OBJC_MSGSEND = YES;
				GCC_C_LANGUAGE_STANDARD = gnu11;
				GCC_NO_COMMON_BLOCKS = YES;
				GCC_WARN_64_TO_32_BIT_CONVERSION = YES;
				GCC_WARN_ABOUT_RETURN_TYPE = YES_ERROR;
				GCC_WARN_UNDECLARED_SELECTOR = YES;
				GCC_WARN_UNINITIALIZED_AUTOS = YES_AGGRESSIVE;
				GCC_WARN_UNUSED_FUNCTION = YES;
				GCC_WARN_UNUSED_VARIABLE = YES;
				IPHONEOS_DEPLOYMENT_TARGET = 11.4;
				MTL_ENABLE_DEBUG_INFO = NO;
				SDKROOT = iphoneos;
				SWIFT_COMPILATION_MODE = wholemodule;
				SWIFT_OPTIMIZATION_LEVEL = "-O";
				VALIDATE_PRODUCT = YES;
			};
			name = Release;
		};
		F99454B32144F9E9007AD83D /* Debug */ = {
			isa = XCBuildConfiguration;
			buildSettings = {
				ASSETCATALOG_COMPILER_APPICON_NAME = AppIcon;
				CODE_SIGN_STYLE = Automatic;
				INFOPLIST_FILE = WeightRecord/Info.plist;
				LD_RUNPATH_SEARCH_PATHS = (
					"$(inherited)",
					"@executable_path/Frameworks",
				);
				PRODUCT_BUNDLE_IDENTIFIER = com.yost.WeightRecord;
				PRODUCT_NAME = "$(TARGET_NAME)";
				SWIFT_VERSION = 4.0;
				TARGETED_DEVICE_FAMILY = "1,2";
			};
			name = Debug;
		};
		F99454B42144F9E9007AD83D /* Release */ = {
			isa = XCBuildConfiguration;
			buildSettings = {
				ASSETCATALOG_COMPILER_APPICON_NAME = AppIcon;
				CODE_SIGN_STYLE = Automatic;
				INFOPLIST_FILE = WeightRecord/Info.plist;
				LD_RUNPATH_SEARCH_PATHS = (
					"$(inherited)",
					"@executable_path/Frameworks",
				);
				PRODUCT_BUNDLE_IDENTIFIER = com.yost.WeightRecord;
				PRODUCT_NAME = "$(TARGET_NAME)";
				SWIFT_VERSION = 4.0;
				TARGETED_DEVICE_FAMILY = "1,2";
			};
			name = Release;
		};
/* End XCBuildConfiguration section */

/* Begin XCConfigurationList section */
		F994549B2144F9E7007AD83D /* Build configuration list for PBXProject "WeightRecord" */ = {
			isa = XCConfigurationList;
			buildConfigurations = (
				F99454B02144F9E9007AD83D /* Debug */,
				F99454B12144F9E9007AD83D /* Release */,
			);
			defaultConfigurationIsVisible = 0;
			defaultConfigurationName = Release;
		};
		F99454B22144F9E9007AD83D /* Build configuration list for PBXNativeTarget "WeightRecord" */ = {
			isa = XCConfigurationList;
			buildConfigurations = (
				F99454B32144F9E9007AD83D /* Debug */,
				F99454B42144F9E9007AD83D /* Release */,
			);
			defaultConfigurationIsVisible = 0;
			defaultConfigurationName = Release;
		};
/* End XCConfigurationList section */
	};
	rootObject = F99454982144F9E7007AD83D /* Project object */;
}
